// !$*UTF8*$!
{
	archiveVersion = 1;
	classes = {
	};
	objectVersion = 46;
	objects = {

/* Begin PBXBuildFile section */
		0C22DAED1BCABF4F006E1D3B /* FLAnimatedImage.m in Sources */ = {isa = PBXBuildFile; fileRef = 0C22DAE81BCABF4F006E1D3B /* FLAnimatedImage.m */; };
		30502F2C29E68A1D00D0FE7D /* UIImage+Extension.h in Headers */ = {isa = PBXBuildFile; fileRef = 30502F2A29E68A1D00D0FE7D /* UIImage+Extension.h */; };
		30502F2D29E68A1D00D0FE7D /* UIImage+Extension.m in Sources */ = {isa = PBXBuildFile; fileRef = 30502F2B29E68A1D00D0FE7D /* UIImage+Extension.m */; };
		30832B3129CC539300756BDE /* FLAnimatedImageFrameCache.m in Sources */ = {isa = PBXBuildFile; fileRef = 30832B2B29CC539300756BDE /* FLAnimatedImageFrameCache.m */; };
		30832B3229CC539300756BDE /* FLAnimatedImageView.m in Sources */ = {isa = PBXBuildFile; fileRef = 30832B2C29CC539300756BDE /* FLAnimatedImageView.m */; };
		30832B3429CC539300756BDE /* FLAnimatedImage+GIF.m in Sources */ = {isa = PBXBuildFile; fileRef = 30832B2E29CC539300756BDE /* FLAnimatedImage+GIF.m */; };
		30832B3529CC539300756BDE /* FLAnimatedImageData.m in Sources */ = {isa = PBXBuildFile; fileRef = 30832B2F29CC539300756BDE /* FLAnimatedImageData.m */; };
		30832B3629CC539300756BDE /* FLWeakProxy.m in Sources */ = {isa = PBXBuildFile; fileRef = 30832B3029CC539300756BDE /* FLWeakProxy.m */; };
		30832B3F29CC53A100756BDE /* FLAnimatedImageView.h in Headers */ = {isa = PBXBuildFile; fileRef = 30832B3729CC53A000756BDE /* FLAnimatedImageView.h */; settings = {ATTRIBUTES = (Public, ); }; };
		30832B4029CC53A100756BDE /* FLAnimatedImage+Internal.h in Headers */ = {isa = PBXBuildFile; fileRef = 30832B3829CC53A000756BDE /* FLAnimatedImage+Internal.h */; };
		30832B4129CC53A100756BDE /* FLAnimatedImageData.h in Headers */ = {isa = PBXBuildFile; fileRef = 30832B3929CC53A000756BDE /* FLAnimatedImageData.h */; settings = {ATTRIBUTES = (Public, ); }; };
		30832B4229CC53A100756BDE /* FLAnimatedImageFrameDataSource.h in Headers */ = {isa = PBXBuildFile; fileRef = 30832B3A29CC53A000756BDE /* FLAnimatedImageFrameDataSource.h */; settings = {ATTRIBUTES = (Public, ); }; };
		30832B4329CC53A100756BDE /* FLAnimatedImage.h in Headers */ = {isa = PBXBuildFile; fileRef = 30832B3B29CC53A000756BDE /* FLAnimatedImage.h */; settings = {ATTRIBUTES = (Public, ); }; };
		30832B4429CC53A100756BDE /* FLAnimatedImageFrameCache.h in Headers */ = {isa = PBXBuildFile; fileRef = 30832B3C29CC53A000756BDE /* FLAnimatedImageFrameCache.h */; settings = {ATTRIBUTES = (Public, ); }; };
		30832B4529CC53A100756BDE /* FLAnimatedImage+GIF.h in Headers */ = {isa = PBXBuildFile; fileRef = 30832B3D29CC53A000756BDE /* FLAnimatedImage+GIF.h */; settings = {ATTRIBUTES = (Public, ); }; };
		30832B4629CC53A100756BDE /* FLWeakProxy.h in Headers */ = {isa = PBXBuildFile; fileRef = 30832B3E29CC53A000756BDE /* FLWeakProxy.h */; settings = {ATTRIBUTES = (Public, ); }; };
		30EF775429CC6259004EE643 /* FLAnimatedGIFDataSource.h in Headers */ = {isa = PBXBuildFile; fileRef = 30EF775229CC6259004EE643 /* FLAnimatedGIFDataSource.h */; settings = {ATTRIBUTES = (Public, ); }; };
		30EF775529CC6259004EE643 /* FLAnimatedGIFDataSource.m in Sources */ = {isa = PBXBuildFile; fileRef = 30EF775329CC6259004EE643 /* FLAnimatedGIFDataSource.m */; };
		30EF775C29E3C361004EE643 /* FLAnimatedImage+WebP.h in Headers */ = {isa = PBXBuildFile; fileRef = 30EF775B29E3C361004EE643 /* FLAnimatedImage+WebP.h */; settings = {ATTRIBUTES = (Public, ); }; };
		30EF775E29E3C405004EE643 /* FLAnimatedImage+WebP.m in Sources */ = {isa = PBXBuildFile; fileRef = 30EF775D29E3C405004EE643 /* FLAnimatedImage+WebP.m */; };
		30EF776129E3C822004EE643 /* FLAnimatedWebPDataSource.h in Headers */ = {isa = PBXBuildFile; fileRef = 30EF775F29E3C822004EE643 /* FLAnimatedWebPDataSource.h */; settings = {ATTRIBUTES = (Public, ); }; };
		30EF776229E3C822004EE643 /* FLAnimatedWebPDataSource.m in Sources */ = {isa = PBXBuildFile; fileRef = 30EF776029E3C822004EE643 /* FLAnimatedWebPDataSource.m */; };
		30EF776D29E40CA8004EE643 /* WebPImageDecoder.h in Headers */ = {isa = PBXBuildFile; fileRef = 30EF776B29E40CA8004EE643 /* WebPImageDecoder.h */; };
		30EF776E29E40CA8004EE643 /* WebPImageDecoder.m in Sources */ = {isa = PBXBuildFile; fileRef = 30EF776C29E40CA8004EE643 /* WebPImageDecoder.m */; };
/* End PBXBuildFile section */

/* Begin PBXFileReference section */
		0C22DAE81BCABF4F006E1D3B /* FLAnimatedImage.m */ = {isa = PBXFileReference; fileEncoding = 4; lastKnownFileType = sourcecode.c.objc; path = FLAnimatedImage.m; sourceTree = "<group>"; };
		0C22DAEA1BCABF4F006E1D3B /* FLAnimatedImageView.m */ = {isa = PBXFileReference; fileEncoding = 4; lastKnownFileType = sourcecode.c.objc; path = FLAnimatedImageView.m; sourceTree = "<group>"; };
		0C22DAEB1BCABF4F006E1D3B /* Info.plist */ = {isa = PBXFileReference; fileEncoding = 4; lastKnownFileType = text.plist.xml; path = Info.plist; sourceTree = "<group>"; };
		30502F2A29E68A1D00D0FE7D /* UIImage+Extension.h */ = {isa = PBXFileReference; lastKnownFileType = sourcecode.c.h; path = "UIImage+Extension.h"; sourceTree = "<group>"; };
		30502F2B29E68A1D00D0FE7D /* UIImage+Extension.m */ = {isa = PBXFileReference; lastKnownFileType = sourcecode.c.objc; path = "UIImage+Extension.m"; sourceTree = "<group>"; };
		30832B2B29CC539300756BDE /* FLAnimatedImageFrameCache.m */ = {isa = PBXFileReference; fileEncoding = 4; lastKnownFileType = sourcecode.c.objc; path = FLAnimatedImageFrameCache.m; sourceTree = "<group>"; };
		30832B2C29CC539300756BDE /* FLAnimatedImageView.m */ = {isa = PBXFileReference; fileEncoding = 4; lastKnownFileType = sourcecode.c.objc; path = FLAnimatedImageView.m; sourceTree = "<group>"; };
		30832B2E29CC539300756BDE /* FLAnimatedImage+GIF.m */ = {isa = PBXFileReference; fileEncoding = 4; lastKnownFileType = sourcecode.c.objc; path = "FLAnimatedImage+GIF.m"; sourceTree = "<group>"; };
		30832B2F29CC539300756BDE /* FLAnimatedImageData.m */ = {isa = PBXFileReference; fileEncoding = 4; lastKnownFileType = sourcecode.c.objc; path = FLAnimatedImageData.m; sourceTree = "<group>"; };
		30832B3029CC539300756BDE /* FLWeakProxy.m */ = {isa = PBXFileReference; fileEncoding = 4; lastKnownFileType = sourcecode.c.objc; path = FLWeakProxy.m; sourceTree = "<group>"; };
		30832B3729CC53A000756BDE /* FLAnimatedImageView.h */ = {isa = PBXFileReference; fileEncoding = 4; lastKnownFileType = sourcecode.c.h; path = FLAnimatedImageView.h; sourceTree = "<group>"; };
		30832B3829CC53A000756BDE /* FLAnimatedImage+Internal.h */ = {isa = PBXFileReference; fileEncoding = 4; lastKnownFileType = sourcecode.c.h; path = "FLAnimatedImage+Internal.h"; sourceTree = "<group>"; };
		30832B3929CC53A000756BDE /* FLAnimatedImageData.h */ = {isa = PBXFileReference; fileEncoding = 4; lastKnownFileType = sourcecode.c.h; path = FLAnimatedImageData.h; sourceTree = "<group>"; };
		30832B3A29CC53A000756BDE /* FLAnimatedImageFrameDataSource.h */ = {isa = PBXFileReference; fileEncoding = 4; lastKnownFileType = sourcecode.c.h; path = FLAnimatedImageFrameDataSource.h; sourceTree = "<group>"; };
		30832B3B29CC53A000756BDE /* FLAnimatedImage.h */ = {isa = PBXFileReference; fileEncoding = 4; lastKnownFileType = sourcecode.c.h; path = FLAnimatedImage.h; sourceTree = "<group>"; };
		30832B3C29CC53A000756BDE /* FLAnimatedImageFrameCache.h */ = {isa = PBXFileReference; fileEncoding = 4; lastKnownFileType = sourcecode.c.h; path = FLAnimatedImageFrameCache.h; sourceTree = "<group>"; };
		30832B3D29CC53A000756BDE /* FLAnimatedImage+GIF.h */ = {isa = PBXFileReference; fileEncoding = 4; lastKnownFileType = sourcecode.c.h; path = "FLAnimatedImage+GIF.h"; sourceTree = "<group>"; };
		30832B3E29CC53A000756BDE /* FLWeakProxy.h */ = {isa = PBXFileReference; fileEncoding = 4; lastKnownFileType = sourcecode.c.h; path = FLWeakProxy.h; sourceTree = "<group>"; };
		30EF775229CC6259004EE643 /* FLAnimatedGIFDataSource.h */ = {isa = PBXFileReference; fileEncoding = 4; lastKnownFileType = sourcecode.c.h; path = FLAnimatedGIFDataSource.h; sourceTree = "<group>"; };
		30EF775329CC6259004EE643 /* FLAnimatedGIFDataSource.m */ = {isa = PBXFileReference; fileEncoding = 4; lastKnownFileType = sourcecode.c.objc; path = FLAnimatedGIFDataSource.m; sourceTree = "<group>"; };
		30EF775B29E3C361004EE643 /* FLAnimatedImage+WebP.h */ = {isa = PBXFileReference; lastKnownFileType = sourcecode.c.h; path = "FLAnimatedImage+WebP.h"; sourceTree = "<group>"; };
		30EF775D29E3C405004EE643 /* FLAnimatedImage+WebP.m */ = {isa = PBXFileReference; lastKnownFileType = sourcecode.c.objc; path = "FLAnimatedImage+WebP.m"; sourceTree = "<group>"; };
		30EF775F29E3C822004EE643 /* FLAnimatedWebPDataSource.h */ = {isa = PBXFileReference; lastKnownFileType = sourcecode.c.h; path = FLAnimatedWebPDataSource.h; sourceTree = "<group>"; };
		30EF776029E3C822004EE643 /* FLAnimatedWebPDataSource.m */ = {isa = PBXFileReference; lastKnownFileType = sourcecode.c.objc; path = FLAnimatedWebPDataSource.m; sourceTree = "<group>"; };
		30EF776B29E40CA8004EE643 /* WebPImageDecoder.h */ = {isa = PBXFileReference; lastKnownFileType = sourcecode.c.h; path = WebPImageDecoder.h; sourceTree = "<group>"; };
		30EF776C29E40CA8004EE643 /* WebPImageDecoder.m */ = {isa = PBXFileReference; lastKnownFileType = sourcecode.c.objc; path = WebPImageDecoder.m; sourceTree = "<group>"; };
		92C9BC0C1B199DC500D79B06 /* FLAnimatedImage.framework */ = {isa = PBXFileReference; explicitFileType = wrapper.framework; includeInIndex = 0; path = FLAnimatedImage.framework; sourceTree = BUILT_PRODUCTS_DIR; };
/* End PBXFileReference section */

/* Begin PBXFrameworksBuildPhase section */
		92C9BC081B199DC500D79B06 /* Frameworks */ = {
			isa = PBXFrameworksBuildPhase;
			buildActionMask = 2147483647;
			files = (
			);
			runOnlyForDeploymentPostprocessing = 0;
		};
/* End PBXFrameworksBuildPhase section */

/* Begin PBXGroup section */
		0C22DAE61BCABF4F006E1D3B /* FLAnimatedImage */ = {
			isa = PBXGroup;
			children = (
				30502F2929E6652F00D0FE7D /* include */,
				0C22DAE81BCABF4F006E1D3B /* FLAnimatedImage.m */,
				30832B2E29CC539300756BDE /* FLAnimatedImage+GIF.m */,
				30832B2F29CC539300756BDE /* FLAnimatedImageData.m */,
				30832B2B29CC539300756BDE /* FLAnimatedImageFrameCache.m */,
				30832B2C29CC539300756BDE /* FLAnimatedImageView.m */,
				30832B3029CC539300756BDE /* FLWeakProxy.m */,
				30EF775329CC6259004EE643 /* FLAnimatedGIFDataSource.m */,
				30EF775D29E3C405004EE643 /* FLAnimatedImage+WebP.m */,
				30EF776029E3C822004EE643 /* FLAnimatedWebPDataSource.m */,
				30EF776C29E40CA8004EE643 /* WebPImageDecoder.m */,
				30502F2A29E68A1D00D0FE7D /* UIImage+Extension.h */,
				30502F2B29E68A1D00D0FE7D /* UIImage+Extension.m */,
				0C22DAEB1BCABF4F006E1D3B /* Info.plist */,
			);
			path = FLAnimatedImage;
			sourceTree = "<group>";
		};
		30502F2929E6652F00D0FE7D /* include */ = {
			isa = PBXGroup;
			children = (
				30832B3B29CC53A000756BDE /* FLAnimatedImage.h */,
				30832B3D29CC53A000756BDE /* FLAnimatedImage+GIF.h */,
				30832B3829CC53A000756BDE /* FLAnimatedImage+Internal.h */,
				30832B3929CC53A000756BDE /* FLAnimatedImageData.h */,
				30832B3C29CC53A000756BDE /* FLAnimatedImageFrameCache.h */,
				30832B3A29CC53A000756BDE /* FLAnimatedImageFrameDataSource.h */,
				30832B3729CC53A000756BDE /* FLAnimatedImageView.h */,
				30832B3E29CC53A000756BDE /* FLWeakProxy.h */,
				30EF775229CC6259004EE643 /* FLAnimatedGIFDataSource.h */,
				30EF775B29E3C361004EE643 /* FLAnimatedImage+WebP.h */,
				30EF775F29E3C822004EE643 /* FLAnimatedWebPDataSource.h */,
				30EF776B29E40CA8004EE643 /* WebPImageDecoder.h */,
			);
			path = include;
			sourceTree = "<group>";
		};
		30EF775029CC53E7004EE643 /* Recovered References */ = {
			isa = PBXGroup;
			children = (
				0C22DAEA1BCABF4F006E1D3B /* FLAnimatedImageView.m */,
			);
			name = "Recovered References";
			sourceTree = "<group>";
		};
		92C9BC021B199DC500D79B06 = {
			isa = PBXGroup;
			children = (
				0C22DAE61BCABF4F006E1D3B /* FLAnimatedImage */,
				92C9BC0D1B199DC500D79B06 /* Products */,
				30EF775029CC53E7004EE643 /* Recovered References */,
			);
			sourceTree = "<group>";
		};
		92C9BC0D1B199DC500D79B06 /* Products */ = {
			isa = PBXGroup;
			children = (
				92C9BC0C1B199DC500D79B06 /* FLAnimatedImage.framework */,
			);
			name = Products;
			sourceTree = "<group>";
		};
/* End PBXGroup section */

/* Begin PBXHeadersBuildPhase section */
		92C9BC091B199DC500D79B06 /* Headers */ = {
			isa = PBXHeadersBuildPhase;
			buildActionMask = 2147483647;
			files = (
				30502F2C29E68A1D00D0FE7D /* UIImage+Extension.h in Headers */,
				30832B4429CC53A100756BDE /* FLAnimatedImageFrameCache.h in Headers */,
				30832B3F29CC53A100756BDE /* FLAnimatedImageView.h in Headers */,
				30EF776129E3C822004EE643 /* FLAnimatedWebPDataSource.h in Headers */,
				30832B4229CC53A100756BDE /* FLAnimatedImageFrameDataSource.h in Headers */,
				30832B4129CC53A100756BDE /* FLAnimatedImageData.h in Headers */,
				30832B4529CC53A100756BDE /* FLAnimatedImage+GIF.h in Headers */,
				30EF775C29E3C361004EE643 /* FLAnimatedImage+WebP.h in Headers */,
				30EF776D29E40CA8004EE643 /* WebPImageDecoder.h in Headers */,
				30EF775429CC6259004EE643 /* FLAnimatedGIFDataSource.h in Headers */,
				30832B4629CC53A100756BDE /* FLWeakProxy.h in Headers */,
				30832B4029CC53A100756BDE /* FLAnimatedImage+Internal.h in Headers */,
				30832B4329CC53A100756BDE /* FLAnimatedImage.h in Headers */,
			);
			runOnlyForDeploymentPostprocessing = 0;
		};
/* End PBXHeadersBuildPhase section */

/* Begin PBXNativeTarget section */
		92C9BC0B1B199DC500D79B06 /* FLAnimatedImage */ = {
			isa = PBXNativeTarget;
			buildConfigurationList = 92C9BC221B199DC600D79B06 /* Build configuration list for PBXNativeTarget "FLAnimatedImage" */;
			buildPhases = (
				92C9BC071B199DC500D79B06 /* Sources */,
				92C9BC081B199DC500D79B06 /* Frameworks */,
				92C9BC091B199DC500D79B06 /* Headers */,
				92C9BC0A1B199DC500D79B06 /* Resources */,
			);
			buildRules = (
			);
			dependencies = (
			);
			name = FLAnimatedImage;
			productName = FLAnimatedImage;
			productReference = 92C9BC0C1B199DC500D79B06 /* FLAnimatedImage.framework */;
			productType = "com.apple.product-type.framework";
		};
/* End PBXNativeTarget section */

/* Begin PBXProject section */
		92C9BC031B199DC500D79B06 /* Project object */ = {
			isa = PBXProject;
			attributes = {
				LastUpgradeCheck = 1240;
				ORGANIZATIONNAME = com.flipboard;
				TargetAttributes = {
					92C9BC0B1B199DC500D79B06 = {
						CreatedOnToolsVersion = 6.3.1;
					};
				};
			};
			buildConfigurationList = 92C9BC061B199DC500D79B06 /* Build configuration list for PBXProject "FLAnimatedImage" */;
			compatibilityVersion = "Xcode 3.2";
			developmentRegion = en;
			hasScannedForEncodings = 0;
			knownRegions = (
				en,
				Base,
			);
			mainGroup = 92C9BC021B199DC500D79B06;
			productRefGroup = 92C9BC0D1B199DC500D79B06 /* Products */;
			projectDirPath = "";
			projectRoot = "";
			targets = (
				92C9BC0B1B199DC500D79B06 /* FLAnimatedImage */,
			);
		};
/* End PBXProject section */

/* Begin PBXResourcesBuildPhase section */
		92C9BC0A1B199DC500D79B06 /* Resources */ = {
			isa = PBXResourcesBuildPhase;
			buildActionMask = 2147483647;
			files = (
			);
			runOnlyForDeploymentPostprocessing = 0;
		};
/* End PBXResourcesBuildPhase section */

/* Begin PBXSourcesBuildPhase section */
		92C9BC071B199DC500D79B06 /* Sources */ = {
			isa = PBXSourcesBuildPhase;
			buildActionMask = 2147483647;
			files = (
				30832B3129CC539300756BDE /* FLAnimatedImageFrameCache.m in Sources */,
				30EF775E29E3C405004EE643 /* FLAnimatedImage+WebP.m in Sources */,
				30EF775529CC6259004EE643 /* FLAnimatedGIFDataSource.m in Sources */,
				30EF776E29E40CA8004EE643 /* WebPImageDecoder.m in Sources */,
				30EF776229E3C822004EE643 /* FLAnimatedWebPDataSource.m in Sources */,
				0C22DAED1BCABF4F006E1D3B /* FLAnimatedImage.m in Sources */,
				30832B3429CC539300756BDE /* FLAnimatedImage+GIF.m in Sources */,
				30832B3629CC539300756BDE /* FLWeakProxy.m in Sources */,
				30832B3529CC539300756BDE /* FLAnimatedImageData.m in Sources */,
				30502F2D29E68A1D00D0FE7D /* UIImage+Extension.m in Sources */,
				30832B3229CC539300756BDE /* FLAnimatedImageView.m in Sources */,
			);
			runOnlyForDeploymentPostprocessing = 0;
		};
/* End PBXSourcesBuildPhase section */

/* Begin XCBuildConfiguration section */
		92C9BC201B199DC600D79B06 /* Debug */ = {
			isa = XCBuildConfiguration;
			buildSettings = {
				ALWAYS_SEARCH_USER_PATHS = NO;
				CLANG_ANALYZER_LOCALIZABILITY_NONLOCALIZED = YES;
				CLANG_CXX_LANGUAGE_STANDARD = "gnu++0x";
				CLANG_CXX_LIBRARY = "libc++";
				CLANG_ENABLE_MODULES = YES;
				CLANG_ENABLE_OBJC_ARC = YES;
				CLANG_WARN_BLOCK_CAPTURE_AUTORELEASING = YES;
				CLANG_WARN_BOOL_CONVERSION = YES;
				CLANG_WARN_COMMA = YES;
				CLANG_WARN_CONSTANT_CONVERSION = YES;
				CLANG_WARN_DEPRECATED_OBJC_IMPLEMENTATIONS = YES;
				CLANG_WARN_DIRECT_OBJC_ISA_USAGE = YES_ERROR;
				CLANG_WARN_EMPTY_BODY = YES;
				CLANG_WARN_ENUM_CONVERSION = YES;
				CLANG_WARN_INFINITE_RECURSION = YES;
				CLANG_WARN_INT_CONVERSION = YES;
				CLANG_WARN_NON_LITERAL_NULL_CONVERSION = YES;
				CLANG_WARN_OBJC_IMPLICIT_RETAIN_SELF = YES;
				CLANG_WARN_OBJC_LITERAL_CONVERSION = YES;
				CLANG_WARN_OBJC_ROOT_CLASS = YES_ERROR;
				CLANG_WARN_QUOTED_INCLUDE_IN_FRAMEWORK_HEADER = YES;
				CLANG_WARN_RANGE_LOOP_ANALYSIS = YES;
				CLANG_WARN_STRICT_PROTOTYPES = YES;
				CLANG_WARN_SUSPICIOUS_MOVE = YES;
				CLANG_WARN_UNREACHABLE_CODE = YES;
				CLANG_WARN__DUPLICATE_METHOD_MATCH = YES;
				"CODE_SIGN_IDENTITY[sdk=iphoneos*]" = "iPhone Developer";
				COPY_PHASE_STRIP = NO;
				CURRENT_PROJECT_VERSION = 1;
				DEBUG_INFORMATION_FORMAT = "dwarf-with-dsym";
				ENABLE_STRICT_OBJC_MSGSEND = YES;
				ENABLE_TESTABILITY = YES;
				GCC_C_LANGUAGE_STANDARD = gnu99;
				GCC_DYNAMIC_NO_PIC = NO;
				GCC_NO_COMMON_BLOCKS = YES;
				GCC_OPTIMIZATION_LEVEL = 0;
				GCC_PREPROCESSOR_DEFINITIONS = (
					"DEBUG=1",
					"$(inherited)",
				);
				GCC_SYMBOLS_PRIVATE_EXTERN = NO;
				GCC_WARN_64_TO_32_BIT_CONVERSION = YES;
				GCC_WARN_ABOUT_RETURN_TYPE = YES_ERROR;
				GCC_WARN_UNDECLARED_SELECTOR = YES;
				GCC_WARN_UNINITIALIZED_AUTOS = YES_AGGRESSIVE;
				GCC_WARN_UNUSED_FUNCTION = YES;
				GCC_WARN_UNUSED_VARIABLE = YES;
				IPHONEOS_DEPLOYMENT_TARGET = 12.0;
				MTL_ENABLE_DEBUG_INFO = YES;
				ONLY_ACTIVE_ARCH = YES;
				SDKROOT = iphoneos;
				TARGETED_DEVICE_FAMILY = "1,2";
				VERSIONING_SYSTEM = "apple-generic";
				VERSION_INFO_PREFIX = "";
			};
			name = Debug;
		};
		92C9BC211B199DC600D79B06 /* Release */ = {
			isa = XCBuildConfiguration;
			buildSettings = {
				ALWAYS_SEARCH_USER_PATHS = NO;
				CLANG_ANALYZER_LOCALIZABILITY_NONLOCALIZED = YES;
				CLANG_CXX_LANGUAGE_STANDARD = "gnu++0x";
				CLANG_CXX_LIBRARY = "libc++";
				CLANG_ENABLE_MODULES = YES;
				CLANG_ENABLE_OBJC_ARC = YES;
				CLANG_WARN_BLOCK_CAPTURE_AUTORELEASING = YES;
				CLANG_WARN_BOOL_CONVERSION = YES;
				CLANG_WARN_COMMA = YES;
				CLANG_WARN_CONSTANT_CONVERSION = YES;
				CLANG_WARN_DEPRECATED_OBJC_IMPLEMENTATIONS = YES;
				CLANG_WARN_DIRECT_OBJC_ISA_USAGE = YES_ERROR;
				CLANG_WARN_EMPTY_BODY = YES;
				CLANG_WARN_ENUM_CONVERSION = YES;
				CLANG_WARN_INFINITE_RECURSION = YES;
				CLANG_WARN_INT_CONVERSION = YES;
				CLANG_WARN_NON_LITERAL_NULL_CONVERSION = YES;
				CLANG_WARN_OBJC_IMPLICIT_RETAIN_SELF = YES;
				CLANG_WARN_OBJC_LITERAL_CONVERSION = YES;
				CLANG_WARN_OBJC_ROOT_CLASS = YES_ERROR;
				CLANG_WARN_QUOTED_INCLUDE_IN_FRAMEWORK_HEADER = YES;
				CLANG_WARN_RANGE_LOOP_ANALYSIS = YES;
				CLANG_WARN_STRICT_PROTOTYPES = YES;
				CLANG_WARN_SUSPICIOUS_MOVE = YES;
				CLANG_WARN_UNREACHABLE_CODE = YES;
				CLANG_WARN__DUPLICATE_METHOD_MATCH = YES;
				"CODE_SIGN_IDENTITY[sdk=iphoneos*]" = "iPhone Developer";
				COPY_PHASE_STRIP = NO;
				CURRENT_PROJECT_VERSION = 1;
				DEBUG_INFORMATION_FORMAT = "dwarf-with-dsym";
				ENABLE_NS_ASSERTIONS = NO;
				ENABLE_STRICT_OBJC_MSGSEND = YES;
				GCC_C_LANGUAGE_STANDARD = gnu99;
				GCC_NO_COMMON_BLOCKS = YES;
				GCC_WARN_64_TO_32_BIT_CONVERSION = YES;
				GCC_WARN_ABOUT_RETURN_TYPE = YES_ERROR;
				GCC_WARN_UNDECLARED_SELECTOR = YES;
				GCC_WARN_UNINITIALIZED_AUTOS = YES_AGGRESSIVE;
				GCC_WARN_UNUSED_FUNCTION = YES;
				GCC_WARN_UNUSED_VARIABLE = YES;
				IPHONEOS_DEPLOYMENT_TARGET = 12.0;
				MTL_ENABLE_DEBUG_INFO = NO;
				SDKROOT = iphoneos;
				TARGETED_DEVICE_FAMILY = "1,2";
				VALIDATE_PRODUCT = YES;
				VERSIONING_SYSTEM = "apple-generic";
				VERSION_INFO_PREFIX = "";
			};
			name = Release;
		};
		92C9BC231B199DC600D79B06 /* Debug */ = {
			isa = XCBuildConfiguration;
			buildSettings = {
				APPLICATION_EXTENSION_API_ONLY = YES;
				DEFINES_MODULE = YES;
				DYLIB_COMPATIBILITY_VERSION = 1;
				DYLIB_CURRENT_VERSION = 1;
				DYLIB_INSTALL_NAME_BASE = "@rpath";
				INFOPLIST_FILE = "$(SRCROOT)/FLAnimatedImage/Info.plist";
				INSTALL_PATH = "$(LOCAL_LIBRARY_DIR)/Frameworks";
				IPHONEOS_DEPLOYMENT_TARGET = 9.0;
				LD_RUNPATH_SEARCH_PATHS = "$(inherited) @executable_path/Frameworks @loader_path/Frameworks";
				PRODUCT_BUNDLE_IDENTIFIER = "com.flipboard.$(PRODUCT_NAME:rfc1034identifier)";
				PRODUCT_NAME = "$(TARGET_NAME)";
				SKIP_INSTALL = YES;
			};
			name = Debug;
		};
		92C9BC241B199DC600D79B06 /* Release */ = {
			isa = XCBuildConfiguration;
			buildSettings = {
				APPLICATION_EXTENSION_API_ONLY = YES;
				DEFINES_MODULE = YES;
				DYLIB_COMPATIBILITY_VERSION = 1;
				DYLIB_CURRENT_VERSION = 1;
				DYLIB_INSTALL_NAME_BASE = "@rpath";
				INFOPLIST_FILE = "$(SRCROOT)/FLAnimatedImage/Info.plist";
				INSTALL_PATH = "$(LOCAL_LIBRARY_DIR)/Frameworks";
				IPHONEOS_DEPLOYMENT_TARGET = 9.0;
				LD_RUNPATH_SEARCH_PATHS = "$(inherited) @executable_path/Frameworks @loader_path/Frameworks";
				PRODUCT_BUNDLE_IDENTIFIER = "com.flipboard.$(PRODUCT_NAME:rfc1034identifier)";
				PRODUCT_NAME = "$(TARGET_NAME)";
				SKIP_INSTALL = YES;
			};
			name = Release;
		};
/* End XCBuildConfiguration section */

/* Begin XCConfigurationList section */
		92C9BC061B199DC500D79B06 /* Build configuration list for PBXProject "FLAnimatedImage" */ = {
			isa = XCConfigurationList;
			buildConfigurations = (
				92C9BC201B199DC600D79B06 /* Debug */,
				92C9BC211B199DC600D79B06 /* Release */,
			);
			defaultConfigurationIsVisible = 0;
			defaultConfigurationName = Release;
		};
		92C9BC221B199DC600D79B06 /* Build configuration list for PBXNativeTarget "FLAnimatedImage" */ = {
			isa = XCConfigurationList;
			buildConfigurations = (
				92C9BC231B199DC600D79B06 /* Debug */,
				92C9BC241B199DC600D79B06 /* Release */,
			);
			defaultConfigurationIsVisible = 0;
			defaultConfigurationName = Release;
		};
/* End XCConfigurationList section */
	};
	rootObject = 92C9BC031B199DC500D79B06 /* Project object */;
}
